hash: f668d9b4f8bd94162a1535a208142a2a64e6d89de4e051d2fa1673c2b458d3e1
updated: 2017-03-06T09:14:07.231662127Z
imports:
- name: github.com/clarsonneur/subparentdemo
  version: 70f8b97d28b1b0b9064616ef51c9cca639f70f7f
- name: github.com/dt/subparentdemo
  version: 70f8b97d28b1b0b9064616ef51c9cca639f70f7f
  subpackages:
  - subdemo
testImports: []
